
Microsoft Visual Studio Solution File, Format Version 12.00
# Visual Studio Version 17
VisualStudioVersion = 17.12.35506.116
MinimumVisualStudioVersion = 10.0.40219.1
Project("{2150E333-8FDC-42A3-9474-1A3956D46DE8}") = "Lab1", "Lab1", "{677D84D6-6D14-454A-96FD-C9A924314A56}"
EndProject
Project("{2150E333-8FDC-42A3-9474-1A3956D46DE8}") = "Examples", "Examples", "{BBC2E6BE-E5B7-4B6F-AE97-565692527FCF}"
EndProject
Project("{2150E333-8FDC-42A3-9474-1A3956D46DE8}") = "Tests", "Tests", "{DD4790E7-B9CC-4F56-A1B1-7E48BE7FA483}"
EndProject
Project("{2150E333-8FDC-42A3-9474-1A3956D46DE8}") = "Solutions", "Solutions", "{984D168A-7DD6-4D22-8B56-CCA37467B563}"
EndProject
Project("{FAE04EC0-301F-11D3-BF4B-00C04F79EFBC}") = "Lab1_Exercise2_UT", "Lab1\Tests\Lab1_Exercise2_UT.csproj", "{9B5F9E0C-29A2-4577-8BE2-4072B41ACC1A}"
EndProject
Project("{2150E333-8FDC-42A3-9474-1A3956D46DE8}") = "Lab2", "Lab2", "{F4502C9E-B04E-4B27-8280-8F874980AACD}"
EndProject
Project("{2150E333-8FDC-42A3-9474-1A3956D46DE8}") = "Solutions", "Solutions", "{2A0FF860-E927-4C04-943D-DDB73A509954}"
EndProject
Project("{FAE04EC0-301F-11D3-BF4B-00C04F79EFBC}") = "Exercise1", "Lab2\Solutions\Exercise1\Exercise1.csproj", "{32026552-48D1-44AB-BC96-AF469B28DF69}"
EndProject
Project("{FAE04EC0-301F-11D3-BF4B-00C04F79EFBC}") = "DIP", "Lab1\Examples\DIP\DIP.csproj", "{CB1B1B70-B6C0-4B27-A192-6E202DAB4430}"
EndProject
Project("{FAE04EC0-301F-11D3-BF4B-00C04F79EFBC}") = "NoDIP", "Lab1\Examples\NoDIP\NoDIP.csproj", "{4A500467-BB0C-4552-ABAD-8A428339E1F9}"
EndProject
Project("{FAE04EC0-301F-11D3-BF4B-00C04F79EFBC}") = "Exercise2", "Lab2\Solutions\Exercise2\Exercise2.csproj", "{28389F6A-6F88-4E92-AF0F-6E2C9691F13A}"
EndProject
Project("{2150E333-8FDC-42A3-9474-1A3956D46DE8}") = "Lab3", "Lab3", "{2628E682-18E1-452B-AC11-5E75FCD392C0}"
EndProject
Project("{FAE04EC0-301F-11D3-BF4B-00C04F79EFBC}") = "Exercise1", "Lab3\Solutions\Exercise1.csproj", "{087A097D-BAEF-4C86-8839-188508508F62}"
EndProject
Project("{FAE04EC0-301F-11D3-BF4B-00C04F79EFBC}") = "Exercise2", "Lab1\Solutions\Exercise2\Exercise2.csproj", "{5D65963D-D3C8-4688-A972-617F78082902}"
EndProject
Project("{2150E333-8FDC-42A3-9474-1A3956D46DE8}") = "Lab4", "Lab4", "{65D93D2D-B4BD-42D3-8CC7-DA6C30446672}"
EndProject
Project("{2150E333-8FDC-42A3-9474-1A3956D46DE8}") = "Examples", "Examples", "{4DABE6FD-9590-436A-8BDD-378029EDC51A}"
EndProject
Project("{FAE04EC0-301F-11D3-BF4B-00C04F79EFBC}") = "VisitorPattern", "Lab4\Examples\VisitorPattern\VisitorPattern.csproj", "{E6062F76-33EC-455A-B142-A7BF544941B6}"
EndProject
Project("{2150E333-8FDC-42A3-9474-1A3956D46DE8}") = "Solution", "Solution", "{63D15BA0-B274-4B16-83D3-7532A48E29ED}"
EndProject
Project("{FAE04EC0-301F-11D3-BF4B-00C04F79EFBC}") = "Adapter", "Lab4\Solutions\Adapter\Adapter.csproj", "{B836A559-7638-4671-A84E-4D980DBED085}"
EndProject
Project("{FAE04EC0-301F-11D3-BF4B-00C04F79EFBC}") = "Visitor", "Lab4\Solutions\Visitor\Visitor.csproj", "{14F1054A-6AAF-410A-BFA0-E376AA900B11}"
EndProject
Project("{FAE04EC0-301F-11D3-BF4B-00C04F79EFBC}") = "AdapterPattern", "Lab4\Examples\Adapter\AdapterPattern.csproj", "{FC304C84-0BD3-4FE6-9837-3B7E130C0CEB}"
EndProject
Global
	GlobalSection(SolutionConfigurationPlatforms) = preSolution
		Debug|Any CPU = Debug|Any CPU
		Release|Any CPU = Release|Any CPU
	EndGlobalSection
	GlobalSection(ProjectConfigurationPlatforms) = postSolution
		{9B5F9E0C-29A2-4577-8BE2-4072B41ACC1A}.Debug|Any CPU.ActiveCfg = Debug|Any CPU
		{9B5F9E0C-29A2-4577-8BE2-4072B41ACC1A}.Debug|Any CPU.Build.0 = Debug|Any CPU
		{9B5F9E0C-29A2-4577-8BE2-4072B41ACC1A}.Release|Any CPU.ActiveCfg = Release|Any CPU
		{9B5F9E0C-29A2-4577-8BE2-4072B41ACC1A}.Release|Any CPU.Build.0 = Release|Any CPU
		{32026552-48D1-44AB-BC96-AF469B28DF69}.Debug|Any CPU.ActiveCfg = Debug|Any CPU
		{32026552-48D1-44AB-BC96-AF469B28DF69}.Debug|Any CPU.Build.0 = Debug|Any CPU
		{32026552-48D1-44AB-BC96-AF469B28DF69}.Release|Any CPU.ActiveCfg = Release|Any CPU
		{32026552-48D1-44AB-BC96-AF469B28DF69}.Release|Any CPU.Build.0 = Release|Any CPU
		{CB1B1B70-B6C0-4B27-A192-6E202DAB4430}.Debug|Any CPU.ActiveCfg = Debug|Any CPU
		{CB1B1B70-B6C0-4B27-A192-6E202DAB4430}.Debug|Any CPU.Build.0 = Debug|Any CPU
		{CB1B1B70-B6C0-4B27-A192-6E202DAB4430}.Release|Any CPU.ActiveCfg = Release|Any CPU
		{CB1B1B70-B6C0-4B27-A192-6E202DAB4430}.Release|Any CPU.Build.0 = Release|Any CPU
		{4A500467-BB0C-4552-ABAD-8A428339E1F9}.Debug|Any CPU.ActiveCfg = Debug|Any CPU
		{4A500467-BB0C-4552-ABAD-8A428339E1F9}.Debug|Any CPU.Build.0 = Debug|Any CPU
		{4A500467-BB0C-4552-ABAD-8A428339E1F9}.Release|Any CPU.ActiveCfg = Release|Any CPU
		{4A500467-BB0C-4552-ABAD-8A428339E1F9}.Release|Any CPU.Build.0 = Release|Any CPU
		{28389F6A-6F88-4E92-AF0F-6E2C9691F13A}.Debug|Any CPU.ActiveCfg = Debug|Any CPU
		{28389F6A-6F88-4E92-AF0F-6E2C9691F13A}.Debug|Any CPU.Build.0 = Debug|Any CPU
		{28389F6A-6F88-4E92-AF0F-6E2C9691F13A}.Release|Any CPU.ActiveCfg = Release|Any CPU
		{28389F6A-6F88-4E92-AF0F-6E2C9691F13A}.Release|Any CPU.Build.0 = Release|Any CPU
		{087A097D-BAEF-4C86-8839-188508508F62}.Debug|Any CPU.ActiveCfg = Debug|Any CPU
		{087A097D-BAEF-4C86-8839-188508508F62}.Debug|Any CPU.Build.0 = Debug|Any CPU
		{087A097D-BAEF-4C86-8839-188508508F62}.Release|Any CPU.ActiveCfg = Release|Any CPU
		{087A097D-BAEF-4C86-8839-188508508F62}.Release|Any CPU.Build.0 = Release|Any CPU
		{5D65963D-D3C8-4688-A972-617F78082902}.Debug|Any CPU.ActiveCfg = Debug|Any CPU
		{5D65963D-D3C8-4688-A972-617F78082902}.Debug|Any CPU.Build.0 = Debug|Any CPU
		{5D65963D-D3C8-4688-A972-617F78082902}.Release|Any CPU.ActiveCfg = Release|Any CPU
		{5D65963D-D3C8-4688-A972-617F78082902}.Release|Any CPU.Build.0 = Release|Any CPU
		{E6062F76-33EC-455A-B142-A7BF544941B6}.Debug|Any CPU.ActiveCfg = Debug|Any CPU
		{E6062F76-33EC-455A-B142-A7BF544941B6}.Debug|Any CPU.Build.0 = Debug|Any CPU
		{E6062F76-33EC-455A-B142-A7BF544941B6}.Release|Any CPU.ActiveCfg = Release|Any CPU
		{E6062F76-33EC-455A-B142-A7BF544941B6}.Release|Any CPU.Build.0 = Release|Any CPU
		{B836A559-7638-4671-A84E-4D980DBED085}.Debug|Any CPU.ActiveCfg = Debug|Any CPU
		{B836A559-7638-4671-A84E-4D980DBED085}.Debug|Any CPU.Build.0 = Debug|Any CPU
		{B836A559-7638-4671-A84E-4D980DBED085}.Release|Any CPU.ActiveCfg = Release|Any CPU
		{B836A559-7638-4671-A84E-4D980DBED085}.Release|Any CPU.Build.0 = Release|Any CPU
		{14F1054A-6AAF-410A-BFA0-E376AA900B11}.Debug|Any CPU.ActiveCfg = Debug|Any CPU
		{14F1054A-6AAF-410A-BFA0-E376AA900B11}.Debug|Any CPU.Build.0 = Debug|Any CPU
		{14F1054A-6AAF-410A-BFA0-E376AA900B11}.Release|Any CPU.ActiveCfg = Release|Any CPU
		{14F1054A-6AAF-410A-BFA0-E376AA900B11}.Release|Any CPU.Build.0 = Release|Any CPU
		{FC304C84-0BD3-4FE6-9837-3B7E130C0CEB}.Debug|Any CPU.ActiveCfg = Debug|Any CPU
		{FC304C84-0BD3-4FE6-9837-3B7E130C0CEB}.Debug|Any CPU.Build.0 = Debug|Any CPU
		{FC304C84-0BD3-4FE6-9837-3B7E130C0CEB}.Release|Any CPU.ActiveCfg = Release|Any CPU
		{FC304C84-0BD3-4FE6-9837-3B7E130C0CEB}.Release|Any CPU.Build.0 = Release|Any CPU
	EndGlobalSection
	GlobalSection(SolutionProperties) = preSolution
		HideSolutionNode = FALSE
	EndGlobalSection
	GlobalSection(NestedProjects) = preSolution
		{BBC2E6BE-E5B7-4B6F-AE97-565692527FCF} = {677D84D6-6D14-454A-96FD-C9A924314A56}
		{DD4790E7-B9CC-4F56-A1B1-7E48BE7FA483} = {677D84D6-6D14-454A-96FD-C9A924314A56}
		{984D168A-7DD6-4D22-8B56-CCA37467B563} = {677D84D6-6D14-454A-96FD-C9A924314A56}
		{9B5F9E0C-29A2-4577-8BE2-4072B41ACC1A} = {DD4790E7-B9CC-4F56-A1B1-7E48BE7FA483}
		{2A0FF860-E927-4C04-943D-DDB73A509954} = {F4502C9E-B04E-4B27-8280-8F874980AACD}
		{32026552-48D1-44AB-BC96-AF469B28DF69} = {2A0FF860-E927-4C04-943D-DDB73A509954}
		{CB1B1B70-B6C0-4B27-A192-6E202DAB4430} = {BBC2E6BE-E5B7-4B6F-AE97-565692527FCF}
		{4A500467-BB0C-4552-ABAD-8A428339E1F9} = {BBC2E6BE-E5B7-4B6F-AE97-565692527FCF}
		{28389F6A-6F88-4E92-AF0F-6E2C9691F13A} = {2A0FF860-E927-4C04-943D-DDB73A509954}
		{087A097D-BAEF-4C86-8839-188508508F62} = {2628E682-18E1-452B-AC11-5E75FCD392C0}
		{5D65963D-D3C8-4688-A972-617F78082902} = {984D168A-7DD6-4D22-8B56-CCA37467B563}
		{4DABE6FD-9590-436A-8BDD-378029EDC51A} = {65D93D2D-B4BD-42D3-8CC7-DA6C30446672}
		{E6062F76-33EC-455A-B142-A7BF544941B6} = {4DABE6FD-9590-436A-8BDD-378029EDC51A}
		{63D15BA0-B274-4B16-83D3-7532A48E29ED} = {65D93D2D-B4BD-42D3-8CC7-DA6C30446672}
		{B836A559-7638-4671-A84E-4D980DBED085} = {63D15BA0-B274-4B16-83D3-7532A48E29ED}
		{14F1054A-6AAF-410A-BFA0-E376AA900B11} = {63D15BA0-B274-4B16-83D3-7532A48E29ED}
		{FC304C84-0BD3-4FE6-9837-3B7E130C0CEB} = {4DABE6FD-9590-436A-8BDD-378029EDC51A}
	EndGlobalSection
EndGlobal
