
Microsoft Visual Studio Solution File, Format Version 12.00
# Visual Studio Version 17
VisualStudioVersion = 17.12.35506.116 d17.12
MinimumVisualStudioVersion = 10.0.40219.1
Project("{2150E333-8FDC-42A3-9474-1A3956D46DE8}") = "Lab1", "Lab1", "{677D84D6-6D14-454A-96FD-C9A924314A56}"
EndProject
Project("{2150E333-8FDC-42A3-9474-1A3956D46DE8}") = "Examples", "Examples", "{BBC2E6BE-E5B7-4B6F-AE97-565692527FCF}"
EndProject
Project("{2150E333-8FDC-42A3-9474-1A3956D46DE8}") = "Tests", "Tests", "{DD4790E7-B9CC-4F56-A1B1-7E48BE7FA483}"
EndProject
Project("{FAE04EC0-301F-11D3-BF4B-00C04F79EFBC}") = "DIP", "Lab1\DIP\DIP.csproj", "{BA29D4DA-7951-42FF-8DC8-6A62C5519908}"
EndProject
Project("{FAE04EC0-301F-11D3-BF4B-00C04F79EFBC}") = "NoDIP", "Lab1\NoDIP\NoDIP.csproj", "{8DF31097-0D04-4690-9B46-35DBEDE55C17}"
EndProject
Project("{2150E333-8FDC-42A3-9474-1A3956D46DE8}") = "Solutions", "Solutions", "{984D168A-7DD6-4D22-8B56-CCA37467B563}"
EndProject
Project("{FAE04EC0-301F-11D3-BF4B-00C04F79EFBC}") = "Exercise_2", "Lab1\Exercise_2\Exercise_2.csproj", "{BE5D6EC3-DEB8-4302-9BB2-842F87CEDB1A}"
EndProject
Project("{FAE04EC0-301F-11D3-BF4B-00C04F79EFBC}") = "Lab1_Exercise2_UT", "Lab1\Tests\Lab1_Exercise2_UT.csproj", "{9B5F9E0C-29A2-4577-8BE2-4072B41ACC1A}"
EndProject
Global
	GlobalSection(SolutionConfigurationPlatforms) = preSolution
		Debug|Any CPU = Debug|Any CPU
		Release|Any CPU = Release|Any CPU
	EndGlobalSection
	GlobalSection(ProjectConfigurationPlatforms) = postSolution
		{BA29D4DA-7951-42FF-8DC8-6A62C5519908}.Debug|Any CPU.ActiveCfg = Debug|Any CPU
		{BA29D4DA-7951-42FF-8DC8-6A62C5519908}.Debug|Any CPU.Build.0 = Debug|Any CPU
		{BA29D4DA-7951-42FF-8DC8-6A62C5519908}.Release|Any CPU.ActiveCfg = Release|Any CPU
		{BA29D4DA-7951-42FF-8DC8-6A62C5519908}.Release|Any CPU.Build.0 = Release|Any CPU
		{8DF31097-0D04-4690-9B46-35DBEDE55C17}.Debug|Any CPU.ActiveCfg = Debug|Any CPU
		{8DF31097-0D04-4690-9B46-35DBEDE55C17}.Debug|Any CPU.Build.0 = Debug|Any CPU
		{8DF31097-0D04-4690-9B46-35DBEDE55C17}.Release|Any CPU.ActiveCfg = Release|Any CPU
		{8DF31097-0D04-4690-9B46-35DBEDE55C17}.Release|Any CPU.Build.0 = Release|Any CPU
		{BE5D6EC3-DEB8-4302-9BB2-842F87CEDB1A}.Debug|Any CPU.ActiveCfg = Debug|Any CPU
		{BE5D6EC3-DEB8-4302-9BB2-842F87CEDB1A}.Debug|Any CPU.Build.0 = Debug|Any CPU
		{BE5D6EC3-DEB8-4302-9BB2-842F87CEDB1A}.Release|Any CPU.ActiveCfg = Release|Any CPU
		{BE5D6EC3-DEB8-4302-9BB2-842F87CEDB1A}.Release|Any CPU.Build.0 = Release|Any CPU
		{9B5F9E0C-29A2-4577-8BE2-4072B41ACC1A}.Debug|Any CPU.ActiveCfg = Debug|Any CPU
		{9B5F9E0C-29A2-4577-8BE2-4072B41ACC1A}.Debug|Any CPU.Build.0 = Debug|Any CPU
		{9B5F9E0C-29A2-4577-8BE2-4072B41ACC1A}.Release|Any CPU.ActiveCfg = Release|Any CPU
		{9B5F9E0C-29A2-4577-8BE2-4072B41ACC1A}.Release|Any CPU.Build.0 = Release|Any CPU
	EndGlobalSection
	GlobalSection(SolutionProperties) = preSolution
		HideSolutionNode = FALSE
	EndGlobalSection
	GlobalSection(NestedProjects) = preSolution
		{BBC2E6BE-E5B7-4B6F-AE97-565692527FCF} = {677D84D6-6D14-454A-96FD-C9A924314A56}
		{DD4790E7-B9CC-4F56-A1B1-7E48BE7FA483} = {677D84D6-6D14-454A-96FD-C9A924314A56}
		{BA29D4DA-7951-42FF-8DC8-6A62C5519908} = {BBC2E6BE-E5B7-4B6F-AE97-565692527FCF}
		{8DF31097-0D04-4690-9B46-35DBEDE55C17} = {BBC2E6BE-E5B7-4B6F-AE97-565692527FCF}
		{984D168A-7DD6-4D22-8B56-CCA37467B563} = {677D84D6-6D14-454A-96FD-C9A924314A56}
		{BE5D6EC3-DEB8-4302-9BB2-842F87CEDB1A} = {984D168A-7DD6-4D22-8B56-CCA37467B563}
		{9B5F9E0C-29A2-4577-8BE2-4072B41ACC1A} = {DD4790E7-B9CC-4F56-A1B1-7E48BE7FA483}
	EndGlobalSection
EndGlobal
